
Microsoft Visual Studio Solution File, Format Version 12.00
Project("{FAE04EC0-301F-11D3-BF4B-00C04F79EFBC}") = "Shared", "Shared\Shared.csproj", "{EAEA1FCA-613E-44EE-BF6B-BCCC79DBF9E1}"
EndProject
Project("{FAE04EC0-301F-11D3-BF4B-00C04F79EFBC}") = "MessageBroker", "MessageBroker\MessageBroker.csproj", "{D8F05C54-55AD-4F6C-B5F3-BAEC5C14F4F6}"
EndProject
Project("{FAE04EC0-301F-11D3-BF4B-00C04F79EFBC}") = "ServerStatisticsCollectionService", "ServerStatisticsCollectionService\ServerStatisticsCollectionService.csproj", "{374B1963-D251-40DB-91F6-EF75E5C6A0F0}"
EndProject
Global
	GlobalSection(SolutionConfigurationPlatforms) = preSolution
		Debug|Any CPU = Debug|Any CPU
		Release|Any CPU = Release|Any CPU
	EndGlobalSection
	GlobalSection(ProjectConfigurationPlatforms) = postSolution
		{EAEA1FCA-613E-44EE-BF6B-BCCC79DBF9E1}.Debug|Any CPU.ActiveCfg = Debug|Any CPU
		{EAEA1FCA-613E-44EE-BF6B-BCCC79DBF9E1}.Debug|Any CPU.Build.0 = Debug|Any CPU
		{EAEA1FCA-613E-44EE-BF6B-BCCC79DBF9E1}.Release|Any CPU.ActiveCfg = Release|Any CPU
		{EAEA1FCA-613E-44EE-BF6B-BCCC79DBF9E1}.Release|Any CPU.Build.0 = Release|Any CPU
		{D8F05C54-55AD-4F6C-B5F3-BAEC5C14F4F6}.Debug|Any CPU.ActiveCfg = Debug|Any CPU
		{D8F05C54-55AD-4F6C-B5F3-BAEC5C14F4F6}.Debug|Any CPU.Build.0 = Debug|Any CPU
		{D8F05C54-55AD-4F6C-B5F3-BAEC5C14F4F6}.Release|Any CPU.ActiveCfg = Release|Any CPU
		{D8F05C54-55AD-4F6C-B5F3-BAEC5C14F4F6}.Release|Any CPU.Build.0 = Release|Any CPU
		{374B1963-D251-40DB-91F6-EF75E5C6A0F0}.Debug|Any CPU.ActiveCfg = Debug|Any CPU
		{374B1963-D251-40DB-91F6-EF75E5C6A0F0}.Debug|Any CPU.Build.0 = Debug|Any CPU
		{374B1963-D251-40DB-91F6-EF75E5C6A0F0}.Release|Any CPU.ActiveCfg = Release|Any CPU
		{374B1963-D251-40DB-91F6-EF75E5C6A0F0}.Release|Any CPU.Build.0 = Release|Any CPU
	EndGlobalSection
EndGlobal
